
Microsoft Visual Studio Solution File, Format Version 12.00
# Visual Studio Version 16
VisualStudioVersion = 16.0.30320.27
MinimumVisualStudioVersion = 10.0.40219.1
Project("{FAE04EC0-301F-11D3-BF4B-00C04F79EFBC}") = "ConsoleApp1", "ConsoleApp1\ConsoleApp1.csproj", "{BD20FC5E-60C9-465E-8D6E-063348B7C67E}"
EndProject
Global
	GlobalSection(SolutionConfigurationPlatforms) = preSolution
		Debug|Any CPU = Debug|Any CPU
		Release|Any CPU = Release|Any CPU
	EndGlobalSection
	GlobalSection(ProjectConfigurationPlatforms) = postSolution
		{BD20FC5E-60C9-465E-8D6E-063348B7C67E}.Debug|Any CPU.ActiveCfg = Debug|Any CPU
		{BD20FC5E-60C9-465E-8D6E-063348B7C67E}.Debug|Any CPU.Build.0 = Debug|Any CPU
		{BD20FC5E-60C9-465E-8D6E-063348B7C67E}.Release|Any CPU.ActiveCfg = Release|Any CPU
		{BD20FC5E-60C9-465E-8D6E-063348B7C67E}.Release|Any CPU.Build.0 = Release|Any CPU
	EndGlobalSection
	GlobalSection(SolutionProperties) = preSolution
		HideSolutionNode = FALSE
	EndGlobalSection
	GlobalSection(ExtensibilityGlobals) = postSolution
		SolutionGuid = {7E7A53F5-DDD5-450E-8A5B-5298C19D6BFB}
	EndGlobalSection
EndGlobal
